
Microsoft Visual Studio Solution File, Format Version 12.00
# Visual Studio Version 17
VisualStudioVersion = 17.5.33414.496
MinimumVisualStudioVersion = 10.0.40219.1
Project("{FAE04EC0-301F-11D3-BF4B-00C04F79EFBC}") = "batch-computing", "batch-computing\batch-computing.csproj", "{D8748F35-898A-48EC-8623-39029C62D82D}"
EndProject
Project("{FAE04EC0-301F-11D3-BF4B-00C04F79EFBC}") = "continuous-computing", "continuous-computing\continuous-computing.csproj", "{25A12B82-53B9-42EA-BDAE-239F170A4CE5}"
EndProject
Project("{FAE04EC0-301F-11D3-BF4B-00C04F79EFBC}") = "az-batch-function", "az-batch-function\az-batch-function.csproj", "{D61F5794-A7A0-4A16-8443-D99E20A8507B}"
EndProject
Project("{FAE04EC0-301F-11D3-BF4B-00C04F79EFBC}") = "az-continuous-function", "az-continuous-function\az-continuous-function.csproj", "{275C4032-2A8A-43D8-A344-35385B3DF755}"
EndProject
Project("{FAE04EC0-301F-11D3-BF4B-00C04F79EFBC}") = "web-batch-api", "web-batch-api\web-batch-api.csproj", "{00D6004F-ACE0-41EC-B46C-C5DCA1F0939A}"
EndProject
Project("{FAE04EC0-301F-11D3-BF4B-00C04F79EFBC}") = "web-continuous-api", "web-continuous-api\web-continuous-api.csproj", "{5EC3F248-35F8-4500-9A6C-70463FA0418D}"
EndProject
Project("{FAE04EC0-301F-11D3-BF4B-00C04F79EFBC}") = "web-monolithic-api", "web-monolithic-api\web-monolithic-api.csproj", "{251F4EC5-1EB7-48BD-8950-49743882D991}"
EndProject
Global
	GlobalSection(SolutionConfigurationPlatforms) = preSolution
		Debug|Any CPU = Debug|Any CPU
		Release|Any CPU = Release|Any CPU
	EndGlobalSection
	GlobalSection(ProjectConfigurationPlatforms) = postSolution
		{D8748F35-898A-48EC-8623-39029C62D82D}.Debug|Any CPU.ActiveCfg = Debug|Any CPU
		{D8748F35-898A-48EC-8623-39029C62D82D}.Debug|Any CPU.Build.0 = Debug|Any CPU
		{D8748F35-898A-48EC-8623-39029C62D82D}.Release|Any CPU.ActiveCfg = Release|Any CPU
		{D8748F35-898A-48EC-8623-39029C62D82D}.Release|Any CPU.Build.0 = Release|Any CPU
		{25A12B82-53B9-42EA-BDAE-239F170A4CE5}.Debug|Any CPU.ActiveCfg = Debug|Any CPU
		{25A12B82-53B9-42EA-BDAE-239F170A4CE5}.Debug|Any CPU.Build.0 = Debug|Any CPU
		{25A12B82-53B9-42EA-BDAE-239F170A4CE5}.Release|Any CPU.ActiveCfg = Release|Any CPU
		{25A12B82-53B9-42EA-BDAE-239F170A4CE5}.Release|Any CPU.Build.0 = Release|Any CPU
		{D61F5794-A7A0-4A16-8443-D99E20A8507B}.Debug|Any CPU.ActiveCfg = Debug|Any CPU
		{D61F5794-A7A0-4A16-8443-D99E20A8507B}.Debug|Any CPU.Build.0 = Debug|Any CPU
		{D61F5794-A7A0-4A16-8443-D99E20A8507B}.Release|Any CPU.ActiveCfg = Release|Any CPU
		{D61F5794-A7A0-4A16-8443-D99E20A8507B}.Release|Any CPU.Build.0 = Release|Any CPU
		{275C4032-2A8A-43D8-A344-35385B3DF755}.Debug|Any CPU.ActiveCfg = Debug|Any CPU
		{275C4032-2A8A-43D8-A344-35385B3DF755}.Debug|Any CPU.Build.0 = Debug|Any CPU
		{275C4032-2A8A-43D8-A344-35385B3DF755}.Release|Any CPU.ActiveCfg = Release|Any CPU
		{275C4032-2A8A-43D8-A344-35385B3DF755}.Release|Any CPU.Build.0 = Release|Any CPU
		{00D6004F-ACE0-41EC-B46C-C5DCA1F0939A}.Debug|Any CPU.ActiveCfg = Debug|Any CPU
		{00D6004F-ACE0-41EC-B46C-C5DCA1F0939A}.Debug|Any CPU.Build.0 = Debug|Any CPU
		{00D6004F-ACE0-41EC-B46C-C5DCA1F0939A}.Release|Any CPU.ActiveCfg = Release|Any CPU
		{00D6004F-ACE0-41EC-B46C-C5DCA1F0939A}.Release|Any CPU.Build.0 = Release|Any CPU
		{5EC3F248-35F8-4500-9A6C-70463FA0418D}.Debug|Any CPU.ActiveCfg = Debug|Any CPU
		{5EC3F248-35F8-4500-9A6C-70463FA0418D}.Debug|Any CPU.Build.0 = Debug|Any CPU
		{5EC3F248-35F8-4500-9A6C-70463FA0418D}.Release|Any CPU.ActiveCfg = Release|Any CPU
		{5EC3F248-35F8-4500-9A6C-70463FA0418D}.Release|Any CPU.Build.0 = Release|Any CPU
		{251F4EC5-1EB7-48BD-8950-49743882D991}.Debug|Any CPU.ActiveCfg = Debug|Any CPU
		{251F4EC5-1EB7-48BD-8950-49743882D991}.Debug|Any CPU.Build.0 = Debug|Any CPU
		{251F4EC5-1EB7-48BD-8950-49743882D991}.Release|Any CPU.ActiveCfg = Release|Any CPU
		{251F4EC5-1EB7-48BD-8950-49743882D991}.Release|Any CPU.Build.0 = Release|Any CPU
	EndGlobalSection
	GlobalSection(SolutionProperties) = preSolution
		HideSolutionNode = FALSE
	EndGlobalSection
	GlobalSection(ExtensibilityGlobals) = postSolution
		SolutionGuid = {A650C75C-8A3C-46E2-A535-95EEB6FE0320}
	EndGlobalSection
EndGlobal
